
Microsoft Visual Studio Solution File, Format Version 12.00
# Visual Studio Version 17
VisualStudioVersion = 17.9.34607.119
MinimumVisualStudioVersion = 10.0.40219.1
Project("{FAE04EC0-301F-11D3-BF4B-00C04F79EFBC}") = "PrimeiroProjC#", "PrimeiroProjC#\PrimeiroProjC#.csproj", "{1CD25935-C566-4DE5-A014-615F9481E796}"
EndProject
Global
	GlobalSection(SolutionConfigurationPlatforms) = preSolution
		Debug|Any CPU = Debug|Any CPU
		Release|Any CPU = Release|Any CPU
	EndGlobalSection
	GlobalSection(ProjectConfigurationPlatforms) = postSolution
		{1CD25935-C566-4DE5-A014-615F9481E796}.Debug|Any CPU.ActiveCfg = Debug|Any CPU
		{1CD25935-C566-4DE5-A014-615F9481E796}.Debug|Any CPU.Build.0 = Debug|Any CPU
		{1CD25935-C566-4DE5-A014-615F9481E796}.Release|Any CPU.ActiveCfg = Release|Any CPU
		{1CD25935-C566-4DE5-A014-615F9481E796}.Release|Any CPU.Build.0 = Release|Any CPU
	EndGlobalSection
	GlobalSection(SolutionProperties) = preSolution
		HideSolutionNode = FALSE
	EndGlobalSection
	GlobalSection(ExtensibilityGlobals) = postSolution
		SolutionGuid = {FC16FB1F-2CAF-47F9-9EF5-DE04392822C2}
	EndGlobalSection
EndGlobal
